
Microsoft Visual Studio Solution File, Format Version 12.00
# Visual Studio Version 17
VisualStudioVersion = 17.8.34112.27
MinimumVisualStudioVersion = 10.0.40219.1
Project("{FAE04EC0-301F-11D3-BF4B-00C04F79EFBC}") = "SampleGLogin", "SampleGLogin\SampleGLogin.csproj", "{3FBC7B37-1BF7-473D-9AAB-8F672E25B0F8}"
EndProject
Global
	GlobalSection(SolutionConfigurationPlatforms) = preSolution
		Debug|Any CPU = Debug|Any CPU
		Release|Any CPU = Release|Any CPU
	EndGlobalSection
	GlobalSection(ProjectConfigurationPlatforms) = postSolution
		{3FBC7B37-1BF7-473D-9AAB-8F672E25B0F8}.Debug|Any CPU.ActiveCfg = Debug|Any CPU
		{3FBC7B37-1BF7-473D-9AAB-8F672E25B0F8}.Debug|Any CPU.Build.0 = Debug|Any CPU
		{3FBC7B37-1BF7-473D-9AAB-8F672E25B0F8}.Release|Any CPU.ActiveCfg = Release|Any CPU
		{3FBC7B37-1BF7-473D-9AAB-8F672E25B0F8}.Release|Any CPU.Build.0 = Release|Any CPU
	EndGlobalSection
	GlobalSection(SolutionProperties) = preSolution
		HideSolutionNode = FALSE
	EndGlobalSection
	GlobalSection(ExtensibilityGlobals) = postSolution
		SolutionGuid = {1A743B24-92D5-4E87-95C4-E7ECE2AE962B}
	EndGlobalSection
EndGlobal
